# This file is generated by running "yarn install" inside your project.
# Manual changes might be lost - proceed with caution!

__metadata:
  version: 8
  cacheKey: 10c0

"@jbro249/my-cli@workspace:.":
  version: 0.0.0-use.local
  resolution: "@jbro249/my-cli@workspace:."
  dependencies:
    commander: "npm:^11.1.0"
  bin:
    aaa: src/cli.js
  languageName: unknown
  linkType: soft

"commander@npm:^11.1.0":
  version: 11.1.0
  resolution: "commander@npm:11.1.0"
  checksum: 10c0/13cc6ac875e48780250f723fb81c1c1178d35c5decb1abb1b628b3177af08a8554e76b2c0f29de72d69eef7c864d12613272a71fabef8047922bc622ab75a179
  languageName: node
  linkType: hard
